<?xml version="1.0"?>
<plist version="1.0">
	<dict>
		<key>archiveVersion</key>
		<string>1</string>
		<key>classes</key>
		<dict />
		<key>objectVersion</key>
		<string>46</string>
		<key>objects</key>
		<dict>
			<key>CBB0EC04A879D9C8DBD295B8</key>
			<dict>
				<key>children</key>
				<array>
					<string>1CB80D21EBADFCBA828518C0</string>
				</array>
				<key>isa</key>
				<string>PBXGroup</string>
				<key>name</key>
				<string>include</string>
				<key>sourceTree</key>
				<string>&lt;group&gt;</string>
			</dict>
			<key>56C3EF4F8B6741F408B86361</key>
			<dict>
				<key>children</key>
				<array>
					<string>CBB0EC04A879D9C8DBD295B8</string>
				</array>
				<key>isa</key>
				<string>PBXGroup</string>
				<key>name</key>
				<string>svgtiny</string>
				<key>sourceTree</key>
				<string>&lt;group&gt;</string>
			</dict>
			<key>1CB80D21EBADFCBA828518C0</key>
			<dict>
				<key>explicitFileType</key>
				<string>sourcecode.c.h</string>
				<key>fileEncoding</key>
				<string>4</string>
				<key>isa</key>
				<string>PBXFileReference</string>
				<key>name</key>
				<string>svgtiny.h</string>
				<key>path</key>
				<string>../../../of_v0.10.0_osx_release/addons/ofxSvg/libs/svgtiny/include/svgtiny.h</string>
				<key>sourceTree</key>
				<string>SOURCE_ROOT</string>
			</dict>
			<key>F173EFF584A87893121ACD50</key>
			<dict>
				<key>explicitFileType</key>
				<string>sourcecode.c.h</string>
				<key>fileEncoding</key>
				<string>4</string>
				<key>isa</key>
				<string>PBXFileReference</string>
				<key>name</key>
				<string>xmlschemas.h</string>
				<key>path</key>
				<string>../../../of_v0.10.0_osx_release/addons/ofxSvg/libs/libxml2/include/libxml/xmlschemas.h</string>
				<key>sourceTree</key>
				<string>SOURCE_ROOT</string>
			</dict>
			<key>F41550E2758ABBBEF98CDCC1</key>
			<dict>
				<key>explicitFileType</key>
				<string>sourcecode.c.h</string>
				<key>fileEncoding</key>
				<string>4</string>
				<key>isa</key>
				<string>PBXFileReference</string>
				<key>name</key>
				<string>hash.h</string>
				<key>path</key>
				<string>../../../of_v0.10.0_osx_release/addons/ofxSvg/libs/libxml2/include/libxml/hash.h</string>
				<key>sourceTree</key>
				<string>SOURCE_ROOT</string>
			</dict>
			<key>23781259673D3EBCCCA049E4</key>
			<dict>
				<key>explicitFileType</key>
				<string>sourcecode.c.h</string>
				<key>fileEncoding</key>
				<string>4</string>
				<key>isa</key>
				<string>PBXFileReference</string>
				<key>name</key>
				<string>nanoftp.h</string>
				<key>path</key>
				<string>../../../of_v0.10.0_osx_release/addons/ofxSvg/libs/libxml2/include/libxml/nanoftp.h</string>
				<key>sourceTree</key>
				<string>SOURCE_ROOT</string>
			</dict>
			<key>23CBF41294B734C6E031828B</key>
			<dict>
				<key>explicitFileType</key>
				<string>sourcecode.c.h</string>
				<key>fileEncoding</key>
				<string>4</string>
				<key>isa</key>
				<string>PBXFileReference</string>
				<key>name</key>
				<string>xpathInternals.h</string>
				<key>path</key>
				<string>../../../of_v0.10.0_osx_release/addons/ofxSvg/libs/libxml2/include/libxml/xpathInternals.h</string>
				<key>sourceTree</key>
				<string>SOURCE_ROOT</string>
			</dict>
			<key>C0DBC3A75AC6335F49F03A65</key>
			<dict>
				<key>explicitFileType</key>
				<string>sourcecode.c.h</string>
				<key>fileEncoding</key>
				<string>4</string>
				<key>isa</key>
				<string>PBXFileReference</string>
				<key>name</key>
				<string>xmlmemory.h</string>
				<key>path</key>
				<string>../../../of_v0.10.0_osx_release/addons/ofxSvg/libs/libxml2/include/libxml/xmlmemory.h</string>
				<key>sourceTree</key>
				<string>SOURCE_ROOT</string>
			</dict>
			<key>3DF966410A2ECA75A9DFB188</key>
			<dict>
				<key>explicitFileType</key>
				<string>sourcecode.c.h</string>
				<key>fileEncoding</key>
				<string>4</string>
				<key>isa</key>
				<string>PBXFileReference</string>
				<key>name</key>
				<string>xmlwriter.h</string>
				<key>path</key>
				<string>../../../of_v0.10.0_osx_release/addons/ofxSvg/libs/libxml2/include/libxml/xmlwriter.h</string>
				<key>sourceTree</key>
				<string>SOURCE_ROOT</string>
			</dict>
			<key>3064CB644C87F75852B4D286</key>
			<dict>
				<key>explicitFileType</key>
				<string>sourcecode.c.h</string>
				<key>fileEncoding</key>
				<string>4</string>
				<key>isa</key>
				<string>PBXFileReference</string>
				<key>name</key>
				<string>xmlunicode.h</string>
				<key>path</key>
				<string>../../../of_v0.10.0_osx_release/addons/ofxSvg/libs/libxml2/include/libxml/xmlunicode.h</string>
				<key>sourceTree</key>
				<string>SOURCE_ROOT</string>
			</dict>
			<key>99B7738856167AF22F01E8A4</key>
			<dict>
				<key>explicitFileType</key>
				<string>sourcecode.c.h</string>
				<key>fileEncoding</key>
				<string>4</string>
				<key>isa</key>
				<string>PBXFileReference</string>
				<key>name</key>
				<string>nanohttp.h</string>
				<key>path</key>
				<string>../../../of_v0.10.0_osx_release/addons/ofxSvg/libs/libxml2/include/libxml/nanohttp.h</string>
				<key>sourceTree</key>
				<string>SOURCE_ROOT</string>
			</dict>
			<key>8EDC65D5210B310873A27102</key>
			<dict>
				<key>explicitFileType</key>
				<string>sourcecode.c.h</string>
				<key>fileEncoding</key>
				<string>4</string>
				<key>isa</key>
				<string>PBXFileReference</string>
				<key>name</key>
				<string>relaxng.h</string>
				<key>path</key>
				<string>../../../of_v0.10.0_osx_release/addons/ofxSvg/libs/libxml2/include/libxml/relaxng.h</string>
				<key>sourceTree</key>
				<string>SOURCE_ROOT</string>
			</dict>
			<key>1CAF4C8F701B09030BEF2325</key>
			<dict>
				<key>explicitFileType</key>
				<string>sourcecode.c.h</string>
				<key>fileEncoding</key>
				<string>4</string>
				<key>isa</key>
				<string>PBXFileReference</string>
				<key>name</key>
				<string>xmlmodule.h</string>
				<key>path</key>
				<string>../../../of_v0.10.0_osx_release/addons/ofxSvg/libs/libxml2/include/libxml/xmlmodule.h</string>
				<key>sourceTree</key>
				<string>SOURCE_ROOT</string>
			</dict>
			<key>9B53462D447A1E46234D8080</key>
			<dict>
				<key>explicitFileType</key>
				<string>sourcecode.c.h</string>
				<key>fileEncoding</key>
				<string>4</string>
				<key>isa</key>
				<string>PBXFileReference</string>
				<key>name</key>
				<string>DOCBparser.h</string>
				<key>path</key>
				<string>../../../of_v0.10.0_osx_release/addons/ofxSvg/libs/libxml2/include/libxml/DOCBparser.h</string>
				<key>sourceTree</key>
				<string>SOURCE_ROOT</string>
			</dict>
			<key>1A5E8185057DD9118AC319E8</key>
			<dict>
				<key>explicitFileType</key>
				<string>sourcecode.c.h</string>
				<key>fileEncoding</key>
				<string>4</string>
				<key>isa</key>
				<string>PBXFileReference</string>
				<key>name</key>
				<string>c14n.h</string>
				<key>path</key>
				<string>../../../of_v0.10.0_osx_release/addons/ofxSvg/libs/libxml2/include/libxml/c14n.h</string>
				<key>sourceTree</key>
				<string>SOURCE_ROOT</string>
			</dict>
			<key>C3E538639B6A8F6A29C0507D</key>
			<dict>
				<key>explicitFileType</key>
				<string>sourcecode.c.h</string>
				<key>fileEncoding</key>
				<string>4</string>
				<key>isa</key>
				<string>PBXFileReference</string>
				<key>name</key>
				<string>xmlschemastypes.h</string>
				<key>path</key>
				<string>../../../of_v0.10.0_osx_release/addons/ofxSvg/libs/libxml2/include/libxml/xmlschemastypes.h</string>
				<key>sourceTree</key>
				<string>SOURCE_ROOT</string>
			</dict>
			<key>FB83EBDEFB6E8180C3B7DE7A</key>
			<dict>
				<key>explicitFileType</key>
				<string>sourcecode.c.h</string>
				<key>fileEncoding</key>
				<string>4</string>
				<key>isa</key>
				<string>PBXFileReference</string>
				<key>name</key>
				<string>valid.h</string>
				<key>path</key>
				<string>../../../of_v0.10.0_osx_release/addons/ofxSvg/libs/libxml2/include/libxml/valid.h</string>
				<key>sourceTree</key>
				<string>SOURCE_ROOT</string>
			</dict>
			<key>8CDB73F2BB69C0CADDE59037</key>
			<dict>
				<key>explicitFileType</key>
				<string>sourcecode.c.h</string>
				<key>fileEncoding</key>
				<string>4</string>
				<key>isa</key>
				<string>PBXFileReference</string>
				<key>name</key>
				<string>xpath.h</string>
				<key>path</key>
				<string>../../../of_v0.10.0_osx_release/addons/ofxSvg/libs/libxml2/include/libxml/xpath.h</string>
				<key>sourceTree</key>
				<string>SOURCE_ROOT</string>
			</dict>
			<key>67CF76B444DBA9D470010625</key>
			<dict>
				<key>explicitFileType</key>
				<string>sourcecode.c.h</string>
				<key>fileEncoding</key>
				<string>4</string>
				<key>isa</key>
				<string>PBXFileReference</string>
				<key>name</key>
				<string>xmlstring.h</string>
				<key>path</key>
				<string>../../../of_v0.10.0_osx_release/addons/ofxSvg/libs/libxml2/include/libxml/xmlstring.h</string>
				<key>sourceTree</key>
				<string>SOURCE_ROOT</string>
			</dict>
			<key>3A24E12E3C7A68237BD64569</key>
			<dict>
				<key>explicitFileType</key>
				<string>sourcecode.c.h</string>
				<key>fileEncoding</key>
				<string>4</string>
				<key>isa</key>
				<string>PBXFileReference</string>
				<key>name</key>
				<string>xmlsave.h</string>
				<key>path</key>
				<string>../../../of_v0.10.0_osx_release/addons/ofxSvg/libs/libxml2/include/libxml/xmlsave.h</string>
				<key>sourceTree</key>
				<string>SOURCE_ROOT</string>
			</dict>
			<key>3F7489AD40C52A697716EC60</key>
			<dict>
				<key>explicitFileType</key>
				<string>sourcecode.c.h</string>
				<key>fileEncoding</key>
				<string>4</string>
				<key>isa</key>
				<string>PBXFileReference</string>
				<key>name</key>
				<string>xmlautomata.h</string>
				<key>path</key>
				<string>../../../of_v0.10.0_osx_release/addons/ofxSvg/libs/libxml2/include/libxml/xmlautomata.h</string>
				<key>sourceTree</key>
				<string>SOURCE_ROOT</string>
			</dict>
			<key>8C6FA9CA71DCDC14C35852CD</key>
			<dict>
				<key>explicitFileType</key>
				<string>sourcecode.c.h</string>
				<key>fileEncoding</key>
				<string>4</string>
				<key>isa</key>
				<string>PBXFileReference</string>
				<key>name</key>
				<string>HTMLparser.h</string>
				<key>path</key>
				<string>../../../of_v0.10.0_osx_release/addons/ofxSvg/libs/libxml2/include/libxml/HTMLparser.h</string>
				<key>sourceTree</key>
				<string>SOURCE_ROOT</string>
			</dict>
			<key>6BA8D0C58B0C1A015D0C02E9</key>
			<dict>
				<key>explicitFileType</key>
				<string>sourcecode.c.h</string>
				<key>fileEncoding</key>
				<string>4</string>
				<key>isa</key>
				<string>PBXFileReference</string>
				<key>name</key>
				<string>xmlIO.h</string>
				<key>path</key>
				<string>../../../of_v0.10.0_osx_release/addons/ofxSvg/libs/libxml2/include/libxml/xmlIO.h</string>
				<key>sourceTree</key>
				<string>SOURCE_ROOT</string>
			</dict>
			<key>891260C572EDD97B1FBFD8B8</key>
			<dict>
				<key>explicitFileType</key>
				<string>sourcecode.c.h</string>
				<key>fileEncoding</key>
				<string>4</string>
				<key>isa</key>
				<string>PBXFileReference</string>
				<key>name</key>
				<string>dict.h</string>
				<key>path</key>
				<string>../../../of_v0.10.0_osx_release/addons/ofxSvg/libs/libxml2/include/libxml/dict.h</string>
				<key>sourceTree</key>
				<string>SOURCE_ROOT</string>
			</dict>
			<key>82EDDCAEC5A8D4C76AFF50CD</key>
			<dict>
				<key>explicitFileType</key>
				<string>sourcecode.c.h</string>
				<key>fileEncoding</key>
				<string>4</string>
				<key>isa</key>
				<string>PBXFileReference</string>
				<key>name</key>
				<string>schemasInternals.h</string>
				<key>path</key>
				<string>../../../of_v0.10.0_osx_release/addons/ofxSvg/libs/libxml2/include/libxml/schemasInternals.h</string>
				<key>sourceTree</key>
				<string>SOURCE_ROOT</string>
			</dict>
			<key>C0BA3EDA88BE24009B416C8E</key>
			<dict>
				<key>explicitFileType</key>
				<string>sourcecode.c.h</string>
				<key>fileEncoding</key>
				<string>4</string>
				<key>isa</key>
				<string>PBXFileReference</string>
				<key>name</key>
				<string>xmlerror.h</string>
				<key>path</key>
				<string>../../../of_v0.10.0_osx_release/addons/ofxSvg/libs/libxml2/include/libxml/xmlerror.h</string>
				<key>sourceTree</key>
				<string>SOURCE_ROOT</string>
			</dict>
			<key>B083843092017F713F31B93F</key>
			<dict>
				<key>explicitFileType</key>
				<string>sourcecode.c.h</string>
				<key>fileEncoding</key>
				<string>4</string>
				<key>isa</key>
				<string>PBXFileReference</string>
				<key>name</key>
				<string>xinclude.h</string>
				<key>path</key>
				<string>../../../of_v0.10.0_osx_release/addons/ofxSvg/libs/libxml2/include/libxml/xinclude.h</string>
				<key>sourceTree</key>
				<string>SOURCE_ROOT</string>
			</dict>
			<key>01D76058264A3DC54EE04967</key>
			<dict>
				<key>explicitFileType</key>
				<string>sourcecode.c.h</string>
				<key>fileEncoding</key>
				<string>4</string>
				<key>isa</key>
				<string>PBXFileReference</string>
				<key>name</key>
				<string>list.h</string>
				<key>path</key>
				<string>../../../of_v0.10.0_osx_release/addons/ofxSvg/libs/libxml2/include/libxml/list.h</string>
				<key>sourceTree</key>
				<string>SOURCE_ROOT</string>
			</dict>
			<key>51771A012E87FEA1D26CE011</key>
			<dict>
				<key>explicitFileType</key>
				<string>sourcecode.c.h</string>
				<key>fileEncoding</key>
				<string>4</string>
				<key>isa</key>
				<string>PBXFileReference</string>
				<key>name</key>
				<string>xmlregexp.h</string>
				<key>path</key>
				<string>../../../of_v0.10.0_osx_release/addons/ofxSvg/libs/libxml2/include/libxml/xmlregexp.h</string>
				<key>sourceTree</key>
				<string>SOURCE_ROOT</string>
			</dict>
			<key>292B029A6F0A2A062ACCE58D</key>
			<dict>
				<key>explicitFileType</key>
				<string>sourcecode.c.h</string>
				<key>fileEncoding</key>
				<string>4</string>
				<key>isa</key>
				<string>PBXFileReference</string>
				<key>name</key>
				<string>entities.h</string>
				<key>path</key>
				<string>../../../of_v0.10.0_osx_release/addons/ofxSvg/libs/libxml2/include/libxml/entities.h</string>
				<key>sourceTree</key>
				<string>SOURCE_ROOT</string>
			</dict>
			<key>EA80D819E72F566846C70A5E</key>
			<dict>
				<key>explicitFileType</key>
				<string>sourcecode.c.h</string>
				<key>fileEncoding</key>
				<string>4</string>
				<key>isa</key>
				<string>PBXFileReference</string>
				<key>name</key>
				<string>SAX.h</string>
				<key>path</key>
				<string>../../../of_v0.10.0_osx_release/addons/ofxSvg/libs/libxml2/include/libxml/SAX.h</string>
				<key>sourceTree</key>
				<string>SOURCE_ROOT</string>
			</dict>
			<key>7D7DFE86A919744826700CC6</key>
			<dict>
				<key>explicitFileType</key>
				<string>sourcecode.c.h</string>
				<key>fileEncoding</key>
				<string>4</string>
				<key>isa</key>
				<string>PBXFileReference</string>
				<key>name</key>
				<string>xlink.h</string>
				<key>path</key>
				<string>../../../of_v0.10.0_osx_release/addons/ofxSvg/libs/libxml2/include/libxml/xlink.h</string>
				<key>sourceTree</key>
				<string>SOURCE_ROOT</string>
			</dict>
			<key>4BEEACCF07324A2CAD61DB0A</key>
			<dict>
				<key>explicitFileType</key>
				<string>sourcecode.c.h</string>
				<key>fileEncoding</key>
				<string>4</string>
				<key>isa</key>
				<string>PBXFileReference</string>
				<key>name</key>
				<string>xmlexports.h</string>
				<key>path</key>
				<string>../../../of_v0.10.0_osx_release/addons/ofxSvg/libs/libxml2/include/libxml/xmlexports.h</string>
				<key>sourceTree</key>
				<string>SOURCE_ROOT</string>
			</dict>
			<key>18E9EBF526FC5CC252750F69</key>
			<dict>
				<key>explicitFileType</key>
				<string>sourcecode.c.h</string>
				<key>fileEncoding</key>
				<string>4</string>
				<key>isa</key>
				<string>PBXFileReference</string>
				<key>name</key>
				<string>SAX2.h</string>
				<key>path</key>
				<string>../../../of_v0.10.0_osx_release/addons/ofxSvg/libs/libxml2/include/libxml/SAX2.h</string>
				<key>sourceTree</key>
				<string>SOURCE_ROOT</string>
			</dict>
			<key>218752FC160D8918C11ED747</key>
			<dict>
				<key>explicitFileType</key>
				<string>sourcecode.c.h</string>
				<key>fileEncoding</key>
				<string>4</string>
				<key>isa</key>
				<string>PBXFileReference</string>
				<key>name</key>
				<string>HTMLtree.h</string>
				<key>path</key>
				<string>../../../of_v0.10.0_osx_release/addons/ofxSvg/libs/libxml2/include/libxml/HTMLtree.h</string>
				<key>sourceTree</key>
				<string>SOURCE_ROOT</string>
			</dict>
			<key>3603610C2C206E4C3B33494A</key>
			<dict>
				<key>explicitFileType</key>
				<string>sourcecode.c.h</string>
				<key>fileEncoding</key>
				<string>4</string>
				<key>isa</key>
				<string>PBXFileReference</string>
				<key>name</key>
				<string>xmlreader.h</string>
				<key>path</key>
				<string>../../../of_v0.10.0_osx_release/addons/ofxSvg/libs/libxml2/include/libxml/xmlreader.h</string>
				<key>sourceTree</key>
				<string>SOURCE_ROOT</string>
			</dict>
			<key>575E2C704642B91C048D2C59</key>
			<dict>
				<key>explicitFileType</key>
				<string>sourcecode.c.h</string>
				<key>fileEncoding</key>
				<string>4</string>
				<key>isa</key>
				<string>PBXFileReference</string>
				<key>name</key>
				<string>pattern.h</string>
				<key>path</key>
				<string>../../../of_v0.10.0_osx_release/addons/ofxSvg/libs/libxml2/include/libxml/pattern.h</string>
				<key>sourceTree</key>
				<string>SOURCE_ROOT</string>
			</dict>
			<key>BBC763483C660F859820D697</key>
			<dict>
				<key>explicitFileType</key>
				<string>sourcecode.c.h</string>
				<key>fileEncoding</key>
				<string>4</string>
				<key>isa</key>
				<string>PBXFileReference</string>
				<key>name</key>
				<string>catalog.h</string>
				<key>path</key>
				<string>../../../of_v0.10.0_osx_release/addons/ofxSvg/libs/libxml2/include/libxml/catalog.h</string>
				<key>sourceTree</key>
				<string>SOURCE_ROOT</string>
			</dict>
			<key>DBB40C1D0268F815EC9AE0B4</key>
			<dict>
				<key>explicitFileType</key>
				<string>sourcecode.c.h</string>
				<key>fileEncoding</key>
				<string>4</string>
				<key>isa</key>
				<string>PBXFileReference</string>
				<key>name</key>
				<string>globals.h</string>
				<key>path</key>
				<string>../../../of_v0.10.0_osx_release/addons/ofxSvg/libs/libxml2/include/libxml/globals.h</string>
				<key>sourceTree</key>
				<string>SOURCE_ROOT</string>
			</dict>
			<key>F1D1E37D0644D1AB83B548D2</key>
			<dict>
				<key>explicitFileType</key>
				<string>sourcecode.c.h</string>
				<key>fileEncoding</key>
				<string>4</string>
				<key>isa</key>
				<string>PBXFileReference</string>
				<key>name</key>
				<string>xmlversion.h</string>
				<key>path</key>
				<string>../../../of_v0.10.0_osx_release/addons/ofxSvg/libs/libxml2/include/libxml/xmlversion.h</string>
				<key>sourceTree</key>
				<string>SOURCE_ROOT</string>
			</dict>
			<key>6A72F0F43B51EB319237C665</key>
			<dict>
				<key>explicitFileType</key>
				<string>sourcecode.c.h</string>
				<key>fileEncoding</key>
				<string>4</string>
				<key>isa</key>
				<string>PBXFileReference</string>
				<key>name</key>
				<string>threads.h</string>
				<key>path</key>
				<string>../../../of_v0.10.0_osx_release/addons/ofxSvg/libs/libxml2/include/libxml/threads.h</string>
				<key>sourceTree</key>
				<string>SOURCE_ROOT</string>
			</dict>
			<key>3EDB76040CB245CBFE9811D9</key>
			<dict>
				<key>explicitFileType</key>
				<string>sourcecode.c.h</string>
				<key>fileEncoding</key>
				<string>4</string>
				<key>isa</key>
				<string>PBXFileReference</string>
				<key>name</key>
				<string>tree.h</string>
				<key>path</key>
				<string>../../../of_v0.10.0_osx_release/addons/ofxSvg/libs/libxml2/include/libxml/tree.h</string>
				<key>sourceTree</key>
				<string>SOURCE_ROOT</string>
			</dict>
			<key>DA37DF60CC6029567BF9AD2F</key>
			<dict>
				<key>explicitFileType</key>
				<string>sourcecode.c.h</string>
				<key>fileEncoding</key>
				<string>4</string>
				<key>isa</key>
				<string>PBXFileReference</string>
				<key>name</key>
				<string>encoding.h</string>
				<key>path</key>
				<string>../../../of_v0.10.0_osx_release/addons/ofxSvg/libs/libxml2/include/libxml/encoding.h</string>
				<key>sourceTree</key>
				<string>SOURCE_ROOT</string>
			</dict>
			<key>E6B11C55E030BCEC0F113508</key>
			<dict>
				<key>explicitFileType</key>
				<string>sourcecode.c.h</string>
				<key>fileEncoding</key>
				<string>4</string>
				<key>isa</key>
				<string>PBXFileReference</string>
				<key>name</key>
				<string>parser.h</string>
				<key>path</key>
				<string>../../../of_v0.10.0_osx_release/addons/ofxSvg/libs/libxml2/include/libxml/parser.h</string>
				<key>sourceTree</key>
				<string>SOURCE_ROOT</string>
			</dict>
			<key>8A309831E7A936F4ADDA79B7</key>
			<dict>
				<key>explicitFileType</key>
				<string>sourcecode.c.h</string>
				<key>fileEncoding</key>
				<string>4</string>
				<key>isa</key>
				<string>PBXFileReference</string>
				<key>name</key>
				<string>uri.h</string>
				<key>path</key>
				<string>../../../of_v0.10.0_osx_release/addons/ofxSvg/libs/libxml2/include/libxml/uri.h</string>
				<key>sourceTree</key>
				<string>SOURCE_ROOT</string>
			</dict>
			<key>37B8F16BBA872D05730FC35D</key>
			<dict>
				<key>explicitFileType</key>
				<string>sourcecode.c.h</string>
				<key>fileEncoding</key>
				<string>4</string>
				<key>isa</key>
				<string>PBXFileReference</string>
				<key>name</key>
				<string>schematron.h</string>
				<key>path</key>
				<string>../../../of_v0.10.0_osx_release/addons/ofxSvg/libs/libxml2/include/libxml/schematron.h</string>
				<key>sourceTree</key>
				<string>SOURCE_ROOT</string>
			</dict>
			<key>12ABA4A5F20CCCB23F17F5DD</key>
			<dict>
				<key>explicitFileType</key>
				<string>sourcecode.c.h</string>
				<key>fileEncoding</key>
				<string>4</string>
				<key>isa</key>
				<string>PBXFileReference</string>
				<key>name</key>
				<string>debugXML.h</string>
				<key>path</key>
				<string>../../../of_v0.10.0_osx_release/addons/ofxSvg/libs/libxml2/include/libxml/debugXML.h</string>
				<key>sourceTree</key>
				<string>SOURCE_ROOT</string>
			</dict>
			<key>1490B16630A026AC8E2801D9</key>
			<dict>
				<key>explicitFileType</key>
				<string>sourcecode.c.h</string>
				<key>fileEncoding</key>
				<string>4</string>
				<key>isa</key>
				<string>PBXFileReference</string>
				<key>name</key>
				<string>xpointer.h</string>
				<key>path</key>
				<string>../../../of_v0.10.0_osx_release/addons/ofxSvg/libs/libxml2/include/libxml/xpointer.h</string>
				<key>sourceTree</key>
				<string>SOURCE_ROOT</string>
			</dict>
			<key>F9DD462691FE016780B7B782</key>
			<dict>
				<key>explicitFileType</key>
				<string>sourcecode.c.h</string>
				<key>fileEncoding</key>
				<string>4</string>
				<key>isa</key>
				<string>PBXFileReference</string>
				<key>name</key>
				<string>parserInternals.h</string>
				<key>path</key>
				<string>../../../of_v0.10.0_osx_release/addons/ofxSvg/libs/libxml2/include/libxml/parserInternals.h</string>
				<key>sourceTree</key>
				<string>SOURCE_ROOT</string>
			</dict>
			<key>34383B8C0C105728B792B600</key>
			<dict>
				<key>children</key>
				<array>
					<string>B99E365A3C971EEE24D88EDB</string>
					<string>F9DD462691FE016780B7B782</string>
					<string>1490B16630A026AC8E2801D9</string>
					<string>12ABA4A5F20CCCB23F17F5DD</string>
					<string>37B8F16BBA872D05730FC35D</string>
					<string>8A309831E7A936F4ADDA79B7</string>
					<string>E6B11C55E030BCEC0F113508</string>
					<string>DA37DF60CC6029567BF9AD2F</string>
					<string>3EDB76040CB245CBFE9811D9</string>
					<string>6A72F0F43B51EB319237C665</string>
					<string>F1D1E37D0644D1AB83B548D2</string>
					<string>DBB40C1D0268F815EC9AE0B4</string>
					<string>BBC763483C660F859820D697</string>
					<string>575E2C704642B91C048D2C59</string>
					<string>3603610C2C206E4C3B33494A</string>
					<string>218752FC160D8918C11ED747</string>
					<string>18E9EBF526FC5CC252750F69</string>
					<string>4BEEACCF07324A2CAD61DB0A</string>
					<string>7D7DFE86A919744826700CC6</string>
					<string>EA80D819E72F566846C70A5E</string>
					<string>292B029A6F0A2A062ACCE58D</string>
					<string>51771A012E87FEA1D26CE011</string>
					<string>01D76058264A3DC54EE04967</string>
					<string>B083843092017F713F31B93F</string>
					<string>C0BA3EDA88BE24009B416C8E</string>
					<string>82EDDCAEC5A8D4C76AFF50CD</string>
					<string>891260C572EDD97B1FBFD8B8</string>
					<string>6BA8D0C58B0C1A015D0C02E9</string>
					<string>8C6FA9CA71DCDC14C35852CD</string>
					<string>3F7489AD40C52A697716EC60</string>
					<string>3A24E12E3C7A68237BD64569</string>
					<string>67CF76B444DBA9D470010625</string>
					<string>8CDB73F2BB69C0CADDE59037</string>
					<string>FB83EBDEFB6E8180C3B7DE7A</string>
					<string>C3E538639B6A8F6A29C0507D</string>
					<string>1A5E8185057DD9118AC319E8</string>
					<string>9B53462D447A1E46234D8080</string>
					<string>1CAF4C8F701B09030BEF2325</string>
					<string>8EDC65D5210B310873A27102</string>
					<string>99B7738856167AF22F01E8A4</string>
					<string>3064CB644C87F75852B4D286</string>
					<string>3DF966410A2ECA75A9DFB188</string>
					<string>C0DBC3A75AC6335F49F03A65</string>
					<string>23CBF41294B734C6E031828B</string>
					<string>23781259673D3EBCCCA049E4</string>
					<string>F41550E2758ABBBEF98CDCC1</string>
					<string>F173EFF584A87893121ACD50</string>
				</array>
				<key>isa</key>
				<string>PBXGroup</string>
				<key>name</key>
				<string>libxml</string>
				<key>sourceTree</key>
				<string>&lt;group&gt;</string>
			</dict>
			<key>3CDF9D0374E9C849F9AD4C6A</key>
			<dict>
				<key>children</key>
				<array>
					<string>34383B8C0C105728B792B600</string>
				</array>
				<key>isa</key>
				<string>PBXGroup</string>
				<key>name</key>
				<string>include</string>
				<key>sourceTree</key>
				<string>&lt;group&gt;</string>
			</dict>
			<key>92CAB14CB3CE8DFA86242673</key>
			<dict>
				<key>children</key>
				<array>
					<string>3CDF9D0374E9C849F9AD4C6A</string>
				</array>
				<key>isa</key>
				<string>PBXGroup</string>
				<key>name</key>
				<string>libxml2</string>
				<key>sourceTree</key>
				<string>&lt;group&gt;</string>
			</dict>
			<key>BF0BF2682B4F1C8B2D7A515B</key>
			<dict>
				<key>children</key>
				<array>
					<string>92CAB14CB3CE8DFA86242673</string>
					<string>56C3EF4F8B6741F408B86361</string>
				</array>
				<key>isa</key>
				<string>PBXGroup</string>
				<key>name</key>
				<string>libs</string>
				<key>sourceTree</key>
				<string>&lt;group&gt;</string>
			</dict>
			<key>B99E365A3C971EEE24D88EDB</key>
			<dict>
				<key>explicitFileType</key>
				<string>sourcecode.c.h</string>
				<key>fileEncoding</key>
				<string>4</string>
				<key>isa</key>
				<string>PBXFileReference</string>
				<key>name</key>
				<string>chvalid.h</string>
				<key>path</key>
				<string>../../../of_v0.10.0_osx_release/addons/ofxSvg/libs/libxml2/include/libxml/chvalid.h</string>
				<key>sourceTree</key>
				<string>SOURCE_ROOT</string>
			</dict>
			<key>123B467F3C30DAC4285B0D28</key>
			<dict>
				<key>explicitFileType</key>
				<string>sourcecode.c.h</string>
				<key>fileEncoding</key>
				<string>4</string>
				<key>isa</key>
				<string>PBXFileReference</string>
				<key>name</key>
				<string>ofxSvg.h</string>
				<key>path</key>
				<string>../../../of_v0.10.0_osx_release/addons/ofxSvg/src/ofxSvg.h</string>
				<key>sourceTree</key>
				<string>SOURCE_ROOT</string>
			</dict>
			<key>DBB3EF673AE7E843FD50910D</key>
			<dict>
				<key>children</key>
				<array>
					<string>30F4FA2BE79E1DD0671C0530</string>
					<string>123B467F3C30DAC4285B0D28</string>
				</array>
				<key>isa</key>
				<string>PBXGroup</string>
				<key>name</key>
				<string>src</string>
				<key>sourceTree</key>
				<string>&lt;group&gt;</string>
			</dict>
			<key>F5F1F1EF8441E64FD46F07C8</key>
			<dict>
				<key>children</key>
				<array>
					<string>DBB3EF673AE7E843FD50910D</string>
					<string>BF0BF2682B4F1C8B2D7A515B</string>
				</array>
				<key>isa</key>
				<string>PBXGroup</string>
				<key>name</key>
				<string>ofxSvg</string>
				<key>sourceTree</key>
				<string>&lt;group&gt;</string>
			</dict>
			<key>03E28D1C2D16C38A3A3348EB</key>
			<dict>
				<key>fileRef</key>
				<string>30F4FA2BE79E1DD0671C0530</string>
				<key>isa</key>
				<string>PBXBuildFile</string>
			</dict>
			<key>30F4FA2BE79E1DD0671C0530</key>
			<dict>
				<key>explicitFileType</key>
				<string>sourcecode.cpp.cpp</string>
				<key>fileEncoding</key>
				<string>4</string>
				<key>isa</key>
				<string>PBXFileReference</string>
				<key>name</key>
				<string>ofxSvg.cpp</string>
				<key>path</key>
				<string>../../../of_v0.10.0_osx_release/addons/ofxSvg/src/ofxSvg.cpp</string>
				<key>sourceTree</key>
				<string>SOURCE_ROOT</string>
			</dict>
			<key>A19B10D192CB9AB8CF5C1B9C</key>
			<dict>
				<key>explicitFileType</key>
				<string>sourcecode.c.h</string>
				<key>fileEncoding</key>
				<string>4</string>
				<key>isa</key>
				<string>PBXFileReference</string>
				<key>name</key>
				<string>ofxPanel.h</string>
				<key>path</key>
				<string>../../../of_v0.10.0_osx_release/addons/ofxGui/src/ofxPanel.h</string>
				<key>sourceTree</key>
				<string>SOURCE_ROOT</string>
			</dict>
			<key>3ADFF83ABCB666AD0FF22A1F</key>
			<dict>
				<key>explicitFileType</key>
				<string>sourcecode.c.h</string>
				<key>fileEncoding</key>
				<string>4</string>
				<key>isa</key>
				<string>PBXFileReference</string>
				<key>name</key>
				<string>ofxColorPicker.h</string>
				<key>path</key>
				<string>../../../of_v0.10.0_osx_release/addons/ofxGui/src/ofxColorPicker.h</string>
				<key>sourceTree</key>
				<string>SOURCE_ROOT</string>
			</dict>
			<key>DE3FFF5CC8DAB69978EAA558</key>
			<dict>
				<key>fileRef</key>
				<string>90C79B287711B436206F2F05</string>
				<key>isa</key>
				<string>PBXBuildFile</string>
			</dict>
			<key>90C79B287711B436206F2F05</key>
			<dict>
				<key>explicitFileType</key>
				<string>sourcecode.cpp.cpp</string>
				<key>fileEncoding</key>
				<string>4</string>
				<key>isa</key>
				<string>PBXFileReference</string>
				<key>name</key>
				<string>ofxSlider.cpp</string>
				<key>path</key>
				<string>../../../of_v0.10.0_osx_release/addons/ofxGui/src/ofxSlider.cpp</string>
				<key>sourceTree</key>
				<string>SOURCE_ROOT</string>
			</dict>
			<key>70FBD7FAE644F9110FAE7AA3</key>
			<dict>
				<key>fileRef</key>
				<string>D68C4DED172CDCAE37FBB4A6</string>
				<key>isa</key>
				<string>PBXBuildFile</string>
			</dict>
			<key>D68C4DED172CDCAE37FBB4A6</key>
			<dict>
				<key>explicitFileType</key>
				<string>sourcecode.cpp.cpp</string>
				<key>fileEncoding</key>
				<string>4</string>
				<key>isa</key>
				<string>PBXFileReference</string>
				<key>name</key>
				<string>ofxPanel.cpp</string>
				<key>path</key>
				<string>../../../of_v0.10.0_osx_release/addons/ofxGui/src/ofxPanel.cpp</string>
				<key>sourceTree</key>
				<string>SOURCE_ROOT</string>
			</dict>
			<key>585E43990D9A68E0A1A8B5CB</key>
			<dict>
				<key>explicitFileType</key>
				<string>sourcecode.c.h</string>
				<key>fileEncoding</key>
				<string>4</string>
				<key>isa</key>
				<string>PBXFileReference</string>
				<key>name</key>
				<string>ofxSliderGroup.h</string>
				<key>path</key>
				<string>../../../of_v0.10.0_osx_release/addons/ofxGui/src/ofxSliderGroup.h</string>
				<key>sourceTree</key>
				<string>SOURCE_ROOT</string>
			</dict>
			<key>D2BD4F84CEC40F6FC786264D</key>
			<dict>
				<key>explicitFileType</key>
				<string>sourcecode.c.h</string>
				<key>fileEncoding</key>
				<string>4</string>
				<key>isa</key>
				<string>PBXFileReference</string>
				<key>name</key>
				<string>ofxInputField.h</string>
				<key>path</key>
				<string>../../../of_v0.10.0_osx_release/addons/ofxGui/src/ofxInputField.h</string>
				<key>sourceTree</key>
				<string>SOURCE_ROOT</string>
			</dict>
			<key>50281A90D6E136FF6F62A452</key>
			<dict>
				<key>explicitFileType</key>
				<string>sourcecode.c.h</string>
				<key>fileEncoding</key>
				<string>4</string>
				<key>isa</key>
				<string>PBXFileReference</string>
				<key>name</key>
				<string>ofxLabel.h</string>
				<key>path</key>
				<string>../../../of_v0.10.0_osx_release/addons/ofxGui/src/ofxLabel.h</string>
				<key>sourceTree</key>
				<string>SOURCE_ROOT</string>
			</dict>
			<key>4D9B996E6482F78294FDDBB1</key>
			<dict>
				<key>explicitFileType</key>
				<string>sourcecode.c.h</string>
				<key>fileEncoding</key>
				<string>4</string>
				<key>isa</key>
				<string>PBXFileReference</string>
				<key>name</key>
				<string>ofxButton.h</string>
				<key>path</key>
				<string>../../../of_v0.10.0_osx_release/addons/ofxGui/src/ofxButton.h</string>
				<key>sourceTree</key>
				<string>SOURCE_ROOT</string>
			</dict>
			<key>CD511C1864653E618F584615</key>
			<dict>
				<key>explicitFileType</key>
				<string>sourcecode.c.h</string>
				<key>fileEncoding</key>
				<string>4</string>
				<key>isa</key>
				<string>PBXFileReference</string>
				<key>name</key>
				<string>ofxBaseGui.h</string>
				<key>path</key>
				<string>../../../of_v0.10.0_osx_release/addons/ofxGui/src/ofxBaseGui.h</string>
				<key>sourceTree</key>
				<string>SOURCE_ROOT</string>
			</dict>
			<key>4E75711614C52AD298C635FC</key>
			<dict>
				<key>explicitFileType</key>
				<string>sourcecode.c.h</string>
				<key>fileEncoding</key>
				<string>4</string>
				<key>isa</key>
				<string>PBXFileReference</string>
				<key>name</key>
				<string>ofxGui.h</string>
				<key>path</key>
				<string>../../../of_v0.10.0_osx_release/addons/ofxGui/src/ofxGui.h</string>
				<key>sourceTree</key>
				<string>SOURCE_ROOT</string>
			</dict>
			<key>DB705FA4DEC34D0CE7DB2BC6</key>
			<dict>
				<key>explicitFileType</key>
				<string>sourcecode.c.h</string>
				<key>fileEncoding</key>
				<string>4</string>
				<key>isa</key>
				<string>PBXFileReference</string>
				<key>name</key>
				<string>ofxSlider.h</string>
				<key>path</key>
				<string>../../../of_v0.10.0_osx_release/addons/ofxGui/src/ofxSlider.h</string>
				<key>sourceTree</key>
				<string>SOURCE_ROOT</string>
			</dict>
			<key>22B0F534E1C4B11F705A27A7</key>
			<dict>
				<key>fileRef</key>
				<string>5EED62DAA4236F8E3E59E507</string>
				<key>isa</key>
				<string>PBXBuildFile</string>
			</dict>
			<key>5EED62DAA4236F8E3E59E507</key>
			<dict>
				<key>explicitFileType</key>
				<string>sourcecode.cpp.cpp</string>
				<key>fileEncoding</key>
				<string>4</string>
				<key>isa</key>
				<string>PBXFileReference</string>
				<key>name</key>
				<string>ofxLabel.cpp</string>
				<key>path</key>
				<string>../../../of_v0.10.0_osx_release/addons/ofxGui/src/ofxLabel.cpp</string>
				<key>sourceTree</key>
				<string>SOURCE_ROOT</string>
			</dict>
			<key>3459C3F2299961156C1B1D7D</key>
			<dict>
				<key>explicitFileType</key>
				<string>sourcecode.c.h</string>
				<key>fileEncoding</key>
				<string>4</string>
				<key>isa</key>
				<string>PBXFileReference</string>
				<key>name</key>
				<string>ofxToggle.h</string>
				<key>path</key>
				<string>../../../of_v0.10.0_osx_release/addons/ofxGui/src/ofxToggle.h</string>
				<key>sourceTree</key>
				<string>SOURCE_ROOT</string>
			</dict>
			<key>F84DAD08C0AA616E2870A3ED</key>
			<dict>
				<key>fileRef</key>
				<string>2DC20E6D5D80A730C3693C8E</string>
				<key>isa</key>
				<string>PBXBuildFile</string>
			</dict>
			<key>2DC20E6D5D80A730C3693C8E</key>
			<dict>
				<key>explicitFileType</key>
				<string>sourcecode.cpp.cpp</string>
				<key>fileEncoding</key>
				<string>4</string>
				<key>isa</key>
				<string>PBXFileReference</string>
				<key>name</key>
				<string>ofxInputField.cpp</string>
				<key>path</key>
				<string>../../../of_v0.10.0_osx_release/addons/ofxGui/src/ofxInputField.cpp</string>
				<key>sourceTree</key>
				<string>SOURCE_ROOT</string>
			</dict>
			<key>1021A1411DADC9FF9AAA8698</key>
			<dict>
				<key>fileRef</key>
				<string>A4737A98AE0E6B01F4BDDC91</string>
				<key>isa</key>
				<string>PBXBuildFile</string>
			</dict>
			<key>A4737A98AE0E6B01F4BDDC91</key>
			<dict>
				<key>explicitFileType</key>
				<string>sourcecode.cpp.cpp</string>
				<key>fileEncoding</key>
				<string>4</string>
				<key>isa</key>
				<string>PBXFileReference</string>
				<key>name</key>
				<string>ofxGuiGroup.cpp</string>
				<key>path</key>
				<string>../../../of_v0.10.0_osx_release/addons/ofxGui/src/ofxGuiGroup.cpp</string>
				<key>sourceTree</key>
				<string>SOURCE_ROOT</string>
			</dict>
			<key>6822F8289D179C4BF60E3519</key>
			<dict>
				<key>fileRef</key>
				<string>AD8ABC1A79DFA286B03694B2</string>
				<key>isa</key>
				<string>PBXBuildFile</string>
			</dict>
			<key>AD8ABC1A79DFA286B03694B2</key>
			<dict>
				<key>explicitFileType</key>
				<string>sourcecode.cpp.cpp</string>
				<key>fileEncoding</key>
				<string>4</string>
				<key>isa</key>
				<string>PBXFileReference</string>
				<key>name</key>
				<string>ofxButton.cpp</string>
				<key>path</key>
				<string>../../../of_v0.10.0_osx_release/addons/ofxGui/src/ofxButton.cpp</string>
				<key>sourceTree</key>
				<string>SOURCE_ROOT</string>
			</dict>
			<key>A7702BC48B7C58A3C4AC7670</key>
			<dict>
				<key>fileRef</key>
				<string>5E07195FE17119FFBEE0032E</string>
				<key>isa</key>
				<string>PBXBuildFile</string>
			</dict>
			<key>5E07195FE17119FFBEE0032E</key>
			<dict>
				<key>explicitFileType</key>
				<string>sourcecode.cpp.cpp</string>
				<key>fileEncoding</key>
				<string>4</string>
				<key>isa</key>
				<string>PBXFileReference</string>
				<key>name</key>
				<string>ofxToggle.cpp</string>
				<key>path</key>
				<string>../../../of_v0.10.0_osx_release/addons/ofxGui/src/ofxToggle.cpp</string>
				<key>sourceTree</key>
				<string>SOURCE_ROOT</string>
			</dict>
			<key>CD79645E932E13257A1029A5</key>
			<dict>
				<key>fileRef</key>
				<string>47D30FCC41D42CC9DDDF018D</string>
				<key>isa</key>
				<string>PBXBuildFile</string>
			</dict>
			<key>47D30FCC41D42CC9DDDF018D</key>
			<dict>
				<key>explicitFileType</key>
				<string>sourcecode.cpp.cpp</string>
				<key>fileEncoding</key>
				<string>4</string>
				<key>isa</key>
				<string>PBXFileReference</string>
				<key>name</key>
				<string>ofxSliderGroup.cpp</string>
				<key>path</key>
				<string>../../../of_v0.10.0_osx_release/addons/ofxGui/src/ofxSliderGroup.cpp</string>
				<key>sourceTree</key>
				<string>SOURCE_ROOT</string>
			</dict>
			<key>3B5D497BB13FE0A313B4BC6E</key>
			<dict>
				<key>fileRef</key>
				<string>4C10A75084E388FC5ED6E64E</string>
				<key>isa</key>
				<string>PBXBuildFile</string>
			</dict>
			<key>4C10A75084E388FC5ED6E64E</key>
			<dict>
				<key>explicitFileType</key>
				<string>sourcecode.cpp.cpp</string>
				<key>fileEncoding</key>
				<string>4</string>
				<key>isa</key>
				<string>PBXFileReference</string>
				<key>name</key>
				<string>ofxColorPicker.cpp</string>
				<key>path</key>
				<string>../../../of_v0.10.0_osx_release/addons/ofxGui/src/ofxColorPicker.cpp</string>
				<key>sourceTree</key>
				<string>SOURCE_ROOT</string>
			</dict>
			<key>6D18B06D57BBD1C062CDB30A</key>
			<dict>
				<key>fileRef</key>
				<string>30636095A83276EDC23F505E</string>
				<key>isa</key>
				<string>PBXBuildFile</string>
			</dict>
			<key>30636095A83276EDC23F505E</key>
			<dict>
				<key>explicitFileType</key>
				<string>sourcecode.cpp.cpp</string>
				<key>fileEncoding</key>
				<string>4</string>
				<key>isa</key>
				<string>PBXFileReference</string>
				<key>name</key>
				<string>ofxBaseGui.cpp</string>
				<key>path</key>
				<string>../../../of_v0.10.0_osx_release/addons/ofxGui/src/ofxBaseGui.cpp</string>
				<key>sourceTree</key>
				<string>SOURCE_ROOT</string>
			</dict>
			<key>A763ED608B35AE3310251DEE</key>
			<dict>
				<key>children</key>
				<array>
					<string>C67AEEB22C8C77C66B39FC8E</string>
					<string>30636095A83276EDC23F505E</string>
					<string>4C10A75084E388FC5ED6E64E</string>
					<string>47D30FCC41D42CC9DDDF018D</string>
					<string>5E07195FE17119FFBEE0032E</string>
					<string>AD8ABC1A79DFA286B03694B2</string>
					<string>A4737A98AE0E6B01F4BDDC91</string>
					<string>2DC20E6D5D80A730C3693C8E</string>
					<string>3459C3F2299961156C1B1D7D</string>
					<string>5EED62DAA4236F8E3E59E507</string>
					<string>DB705FA4DEC34D0CE7DB2BC6</string>
					<string>4E75711614C52AD298C635FC</string>
					<string>CD511C1864653E618F584615</string>
					<string>4D9B996E6482F78294FDDBB1</string>
					<string>50281A90D6E136FF6F62A452</string>
					<string>D2BD4F84CEC40F6FC786264D</string>
					<string>585E43990D9A68E0A1A8B5CB</string>
					<string>D68C4DED172CDCAE37FBB4A6</string>
					<string>90C79B287711B436206F2F05</string>
					<string>3ADFF83ABCB666AD0FF22A1F</string>
					<string>A19B10D192CB9AB8CF5C1B9C</string>
				</array>
				<key>isa</key>
				<string>PBXGroup</string>
				<key>name</key>
				<string>src</string>
				<key>sourceTree</key>
				<string>&lt;group&gt;</string>
			</dict>
			<key>480A780D8D0308AE4A368801</key>
			<dict>
				<key>children</key>
				<array>
					<string>A763ED608B35AE3310251DEE</string>
				</array>
				<key>isa</key>
				<string>PBXGroup</string>
				<key>name</key>
				<string>ofxGui</string>
				<key>sourceTree</key>
				<string>&lt;group&gt;</string>
			</dict>
			<key>C67AEEB22C8C77C66B39FC8E</key>
			<dict>
				<key>explicitFileType</key>
				<string>sourcecode.c.h</string>
				<key>fileEncoding</key>
				<string>4</string>
				<key>isa</key>
				<string>PBXFileReference</string>
				<key>name</key>
				<string>ofxGuiGroup.h</string>
				<key>path</key>
				<string>../../../of_v0.10.0_osx_release/addons/ofxGui/src/ofxGuiGroup.h</string>
				<key>sourceTree</key>
				<string>SOURCE_ROOT</string>
			</dict>
			<key>6948EE371B920CB800B5AC1A</key>
			<dict>
				<key>children</key>
				<array />
				<key>isa</key>
				<string>PBXGroup</string>
				<key>name</key>
				<string>local_addons</string>
				<key>sourceTree</key>
				<string>&lt;group&gt;</string>
			</dict>
			<key>8466F1851C04CA0E00918B1C</key>
			<dict>
				<key>buildActionMask</key>
				<string>12</string>
				<key>files</key>
				<array />
				<key>inputPaths</key>
				<array />
				<key>isa</key>
				<string>PBXShellScriptBuildPhase</string>
				<key>outputPaths</key>
				<array />
				<key>runOnlyForDeploymentPostprocessing</key>
				<string>0</string>
				<key>shellPath</key>
				<string>/bin/sh</string>
				<key>shellScript</key>
				<string>echo "$GCC_PREPROCESSOR_DEFINITIONS";
APPSTORE=`expr "$GCC_PREPROCESSOR_DEFINITIONS" : ".*APPSTORE=\([0-9]*\)"`
if [ -z "$APPSTORE" ] ; then
echo "Note: Not copying bin/data to App Package or doing App Code signing. Use AppStore target for AppStore distribution";
else
# Copy bin/data into App/Resources
rsync -avz --exclude='.DS_Store' "${SRCROOT}/bin/data/" "${TARGET_BUILD_DIR}/${UNLOCALIZED_RESOURCES_FOLDER_PATH}/data/"

# ---- Code Sign App Package ----

# WARNING: You may have to run Clean in Xcode after changing CODE_SIGN_IDENTITY!

# Verify that $CODE_SIGN_IDENTITY is set
if [ -z "${CODE_SIGN_IDENTITY}" ] ; then
echo "CODE_SIGN_IDENTITY needs to be set for framework code-signing"
exit 0
fi

if [ -z "${CODE_SIGN_ENTITLEMENTS}" ] ; then
echo "CODE_SIGN_ENTITLEMENTS needs to be set for framework code-signing!"

if [ "${CONFIGURATION}" = "Release" ] ; then
exit 1
else
# Code-signing is optional for non-release builds.
exit 0
fi
fi

ITEMS=""

FRAMEWORKS_DIR="${TARGET_BUILD_DIR}/${FRAMEWORKS_FOLDER_PATH}"
echo "$FRAMEWORKS_DIR"
if [ -d "$FRAMEWORKS_DIR" ] ; then
FRAMEWORKS=$(find "${FRAMEWORKS_DIR}" -depth -type d -name "*.framework" -or -name "*.dylib" -or -name "*.bundle" | sed -e "s/\(.*framework\)/\1\/Versions\/A\//")
RESULT=$?
if [[ $RESULT != 0 ]] ; then
exit 1
fi

ITEMS="${FRAMEWORKS}"
fi

LOGINITEMS_DIR="${TARGET_BUILD_DIR}/${CONTENTS_FOLDER_PATH}/Library/LoginItems/"
if [ -d "$LOGINITEMS_DIR" ] ; then
LOGINITEMS=$(find "${LOGINITEMS_DIR}" -depth -type d -name "*.app")
RESULT=$?
if [[ $RESULT != 0 ]] ; then
exit 1
fi

ITEMS="${ITEMS}"$'\n'"${LOGINITEMS}"
fi

# Prefer the expanded name, if available.
CODE_SIGN_IDENTITY_FOR_ITEMS="${EXPANDED_CODE_SIGN_IDENTITY_NAME}"
if [ "${CODE_SIGN_IDENTITY_FOR_ITEMS}" = "" ] ; then
# Fall back to old behavior.
CODE_SIGN_IDENTITY_FOR_ITEMS="${CODE_SIGN_IDENTITY}"
fi

echo "Identity:"
echo "${CODE_SIGN_IDENTITY_FOR_ITEMS}"

echo "Entitlements:"
echo "${CODE_SIGN_ENTITLEMENTS}"

echo "Found:"
echo "${ITEMS}"

# Change the Internal Field Separator (IFS) so that spaces in paths will not cause problems below.
SAVED_IFS=$IFS
IFS=$(echo -en "\n\b")

# Loop through all items.
for ITEM in $ITEMS;
do
echo "Signing '${ITEM}'"
codesign --force --verbose --sign "${CODE_SIGN_IDENTITY_FOR_ITEMS}" --entitlements "${CODE_SIGN_ENTITLEMENTS}" "${ITEM}"
RESULT=$?
if [[ $RESULT != 0 ]] ; then
echo "Failed to sign '${ITEM}'."
IFS=$SAVED_IFS
exit 1
fi
done

# Restore $IFS.
IFS=$SAVED_IFS

fi
</string>
			</dict>
			<key>99FA3DBB1C7456C400CFA0EE</key>
			<dict>
				<key>baseConfigurationReference</key>
				<string>E4EB6923138AFD0F00A09F29</string>
				<key>buildSettings</key>
				<dict>
					<key>OTHER_LDFLAGS</key>
					<array>
						<string>$(OF_CORE_FRAMEWORKS) $(OF_CORE_LIBS)</string>
						<string>../../../of_v0.10.0_osx_release/addons/ofxSvg/libs/libxml2/lib/osx/xml2.a</string>
						<string>../../../of_v0.10.0_osx_release/addons/ofxSvg/libs/svgtiny/lib/osx/svgtiny.a</string>
					</array>
					<key>HEADER_SEARCH_PATHS</key>
					<array>
						<string>$(OF_CORE_HEADERS)</string>
						<string>../../../of_v0.10.0_osx_release/addons/ofxGui/src</string>
						<string>../../../of_v0.10.0_osx_release/addons/ofxSvg/libs</string>
						<string>../../../of_v0.10.0_osx_release/addons/ofxSvg/libs/libxml2</string>
						<string>../../../of_v0.10.0_osx_release/addons/ofxSvg/libs/libxml2/include</string>
						<string>../../../of_v0.10.0_osx_release/addons/ofxSvg/libs/libxml2/include/libxml</string>
						<string>../../../of_v0.10.0_osx_release/addons/ofxSvg/libs/libxml2/lib</string>
						<string>../../../of_v0.10.0_osx_release/addons/ofxSvg/libs/libxml2/lib/emscripten</string>
						<string>../../../of_v0.10.0_osx_release/addons/ofxSvg/libs/libxml2/lib/osx</string>
						<string>../../../of_v0.10.0_osx_release/addons/ofxSvg/libs/libxml2/license</string>
						<string>../../../of_v0.10.0_osx_release/addons/ofxSvg/libs/svgtiny</string>
						<string>../../../of_v0.10.0_osx_release/addons/ofxSvg/libs/svgtiny/include</string>
						<string>../../../of_v0.10.0_osx_release/addons/ofxSvg/libs/svgtiny/lib</string>
						<string>../../../of_v0.10.0_osx_release/addons/ofxSvg/libs/svgtiny/lib/emscripten</string>
						<string>../../../of_v0.10.0_osx_release/addons/ofxSvg/libs/svgtiny/lib/osx</string>
						<string>../../../of_v0.10.0_osx_release/addons/ofxSvg/libs/svgtiny/license</string>
						<string>../../../of_v0.10.0_osx_release/addons/ofxSvg/src</string>
					</array>
					<key>CONFIGURATION_BUILD_DIR</key>
					<string>$(SRCROOT)/bin/</string>
					<key>COPY_PHASE_STRIP</key>
					<string>YES</string>
					<key>DEAD_CODE_STRIPPING</key>
					<string>YES</string>
					<key>GCC_AUTO_VECTORIZATION</key>
					<string>YES</string>
					<key>GCC_ENABLE_SSE3_EXTENSIONS</key>
					<string>YES</string>
					<key>GCC_ENABLE_SUPPLEMENTAL_SSE3_INSTRUCTIONS</key>
					<string>YES</string>
					<key>GCC_INLINES_ARE_PRIVATE_EXTERN</key>
					<string>NO</string>
					<key>GCC_OPTIMIZATION_LEVEL</key>
					<string>3</string>
					<key>GCC_PREPROCESSOR_DEFINITIONS[arch=*]</key>
					<string>DISTRIBUTION=1</string>
					<key>GCC_SYMBOLS_PRIVATE_EXTERN</key>
					<string>NO</string>
					<key>GCC_UNROLL_LOOPS</key>
					<string>YES</string>
					<key>GCC_WARN_ABOUT_DEPRECATED_FUNCTIONS</key>
					<string>YES</string>
					<key>GCC_WARN_ABOUT_INVALID_OFFSETOF_MACRO</key>
					<string>NO</string>
					<key>GCC_WARN_ALLOW_INCOMPLETE_PROTOCOL</key>
					<string>NO</string>
					<key>GCC_WARN_UNINITIALIZED_AUTOS</key>
					<string>NO</string>
					<key>GCC_WARN_UNUSED_VALUE</key>
					<string>NO</string>
					<key>GCC_WARN_UNUSED_VARIABLE</key>
					<string>NO</string>
					<key>MACOSX_DEPLOYMENT_TARGET</key>
					<string>10.9</string>
					<key>OTHER_CPLUSPLUSFLAGS</key>
					<array>
						<string>-D__MACOSX_CORE__</string>
						<string>-mtune=native</string>
					</array>
					<key>SDKROOT</key>
					<string>macosx</string>
				</dict>
				<key>isa</key>
				<string>XCBuildConfiguration</string>
				<key>name</key>
				<string>AppStore</string>
			</dict>
			<key>99FA3DBC1C7456C400CFA0EE</key>
			<dict>
				<key>baseConfigurationReference</key>
				<string>E4EB6923138AFD0F00A09F29</string>
				<key>buildSettings</key>
				<dict>
					<key>OTHER_LDFLAGS</key>
					<array>
						<string>$(OF_CORE_FRAMEWORKS) $(OF_CORE_LIBS)</string>
						<string>../../../of_v0.10.0_osx_release/addons/ofxSvg/libs/libxml2/lib/osx/xml2.a</string>
						<string>../../../of_v0.10.0_osx_release/addons/ofxSvg/libs/svgtiny/lib/osx/svgtiny.a</string>
					</array>
					<key>HEADER_SEARCH_PATHS</key>
					<array>
						<string>$(OF_CORE_HEADERS)</string>
						<string>../../../of_v0.10.0_osx_release/addons/ofxGui/src</string>
						<string>../../../of_v0.10.0_osx_release/addons/ofxSvg/libs</string>
						<string>../../../of_v0.10.0_osx_release/addons/ofxSvg/libs/libxml2</string>
						<string>../../../of_v0.10.0_osx_release/addons/ofxSvg/libs/libxml2/include</string>
						<string>../../../of_v0.10.0_osx_release/addons/ofxSvg/libs/libxml2/include/libxml</string>
						<string>../../../of_v0.10.0_osx_release/addons/ofxSvg/libs/libxml2/lib</string>
						<string>../../../of_v0.10.0_osx_release/addons/ofxSvg/libs/libxml2/lib/emscripten</string>
						<string>../../../of_v0.10.0_osx_release/addons/ofxSvg/libs/libxml2/lib/osx</string>
						<string>../../../of_v0.10.0_osx_release/addons/ofxSvg/libs/libxml2/license</string>
						<string>../../../of_v0.10.0_osx_release/addons/ofxSvg/libs/svgtiny</string>
						<string>../../../of_v0.10.0_osx_release/addons/ofxSvg/libs/svgtiny/include</string>
						<string>../../../of_v0.10.0_osx_release/addons/ofxSvg/libs/svgtiny/lib</string>
						<string>../../../of_v0.10.0_osx_release/addons/ofxSvg/libs/svgtiny/lib/emscripten</string>
						<string>../../../of_v0.10.0_osx_release/addons/ofxSvg/libs/svgtiny/lib/osx</string>
						<string>../../../of_v0.10.0_osx_release/addons/ofxSvg/libs/svgtiny/license</string>
						<string>../../../of_v0.10.0_osx_release/addons/ofxSvg/src</string>
					</array>
					<key>COMBINE_HIDPI_IMAGES</key>
					<string>YES</string>
					<key>COPY_PHASE_STRIP</key>
					<string>YES</string>
					<key>FRAMEWORK_SEARCH_PATHS</key>
					<array>
						<string>$(inherited)</string>
					</array>
					<key>GCC_GENERATE_DEBUGGING_SYMBOLS</key>
					<string>YES</string>
					<key>GCC_MODEL_TUNING</key>
					<string>NONE</string>
					<key>GCC_PREPROCESSOR_DEFINITIONS[arch=*]</key>
					<string>APPSTORE=1</string>
					<key>ICON</key>
					<string>$(ICON_NAME_RELEASE)</string>
					<key>ICON_FILE</key>
					<string>$(ICON_FILE_PATH)$(ICON)</string>
					<key>INFOPLIST_FILE</key>
					<string>openFrameworks-Info.plist</string>
					<key>INSTALL_PATH</key>
					<string>/Applications</string>
					<key>LIBRARY_SEARCH_PATHS</key>
					<string>$(inherited)</string>
					<key>PRODUCT_NAME</key>
					<string>$(TARGET_NAME)</string>
					<key>WRAPPER_EXTENSION</key>
					<string>app</string>
					<key>baseConfigurationReference</key>
					<string>E4EB6923138AFD0F00A09F29</string>
				</dict>
				<key>isa</key>
				<string>XCBuildConfiguration</string>
				<key>name</key>
				<string>AppStore</string>
			</dict>
			<key>BB4B014C10F69532006C3DED</key>
			<dict>
				<key>children</key>
				<array>
					<string>480A780D8D0308AE4A368801</string>
					<string>F5F1F1EF8441E64FD46F07C8</string>
				</array>
				<key>isa</key>
				<string>PBXGroup</string>
				<key>name</key>
				<string>addons</string>
				<key>sourceTree</key>
				<string>&lt;group&gt;</string>
			</dict>
			<key>E4328143138ABC890047C5CB</key>
			<dict>
				<key>isa</key>
				<string>PBXFileReference</string>
				<key>lastKnownFileType</key>
				<string>wrapper.pb-project</string>
				<key>name</key>
				<string>openFrameworksLib.xcodeproj</string>
				<key>path</key>
				<string>../../../of_v0.10.0_osx_release/libs/openFrameworksCompiled/project/osx/openFrameworksLib.xcodeproj</string>
				<key>sourceTree</key>
				<string>SOURCE_ROOT</string>
			</dict>
			<key>E4328144138ABC890047C5CB</key>
			<dict>
				<key>children</key>
				<array>
					<string>E4328148138ABC890047C5CB</string>
				</array>
				<key>isa</key>
				<string>PBXGroup</string>
				<key>name</key>
				<string>Products</string>
				<key>sourceTree</key>
				<string>&lt;group&gt;</string>
			</dict>
			<key>E4328147138ABC890047C5CB</key>
			<dict>
				<key>containerPortal</key>
				<string>E4328143138ABC890047C5CB</string>
				<key>isa</key>
				<string>PBXContainerItemProxy</string>
				<key>proxyType</key>
				<string>2</string>
				<key>remoteGlobalIDString</key>
				<string>E4B27C1510CBEB8E00536013</string>
				<key>remoteInfo</key>
				<string>openFrameworks</string>
			</dict>
			<key>E4328148138ABC890047C5CB</key>
			<dict>
				<key>fileType</key>
				<string>archive.ar</string>
				<key>isa</key>
				<string>PBXReferenceProxy</string>
				<key>path</key>
				<string>openFrameworksDebug.a</string>
				<key>remoteRef</key>
				<string>E4328147138ABC890047C5CB</string>
				<key>sourceTree</key>
				<string>BUILT_PRODUCTS_DIR</string>
			</dict>
			<key>E4328149138ABC9F0047C5CB</key>
			<dict>
				<key>fileRef</key>
				<string>E4328148138ABC890047C5CB</string>
				<key>isa</key>
				<string>PBXBuildFile</string>
			</dict>
			<key>E4B69B4A0A3A1720003C02F2</key>
			<dict>
				<key>children</key>
				<array>
					<string>E4B6FCAD0C3E899E008CF71C</string>
					<string>E4EB6923138AFD0F00A09F29</string>
					<string>E4B69E1C0A3A1BDC003C02F2</string>
					<string>E4EEC9E9138DF44700A80321</string>
					<string>BB4B014C10F69532006C3DED</string>
					<string>6948EE371B920CB800B5AC1A</string>
					<string>E4B69B5B0A3A1756003C02F2</string>
				</array>
				<key>isa</key>
				<string>PBXGroup</string>
				<key>sourceTree</key>
				<string>&lt;group&gt;</string>
			</dict>
			<key>E4B69B4C0A3A1720003C02F2</key>
			<dict>
				<key>attributes</key>
				<dict>
					<key>LastUpgradeCheck</key>
					<string>0600</string>
				</dict>
				<key>buildConfigurationList</key>
				<string>E4B69B4D0A3A1720003C02F2</string>
				<key>compatibilityVersion</key>
				<string>Xcode 3.2</string>
				<key>developmentRegion</key>
				<string>English</string>
				<key>hasScannedForEncodings</key>
				<string>0</string>
				<key>isa</key>
				<string>PBXProject</string>
				<key>knownRegions</key>
				<array>
					<string>English</string>
					<string>Japanese</string>
					<string>French</string>
					<string>German</string>
				</array>
				<key>mainGroup</key>
				<string>E4B69B4A0A3A1720003C02F2</string>
				<key>productRefGroup</key>
				<string>E4B69B4A0A3A1720003C02F2</string>
				<key>projectDirPath</key>
				<string />
				<key>projectReferences</key>
				<array>
					<dict>
						<key>ProductGroup</key>
						<string>E4328144138ABC890047C5CB</string>
						<key>ProjectRef</key>
						<string>E4328143138ABC890047C5CB</string>
					</dict>
				</array>
				<key>projectRoot</key>
				<string />
				<key>targets</key>
				<array>
					<string>E4B69B5A0A3A1756003C02F2</string>
				</array>
			</dict>
			<key>E4B69B4D0A3A1720003C02F2</key>
			<dict>
				<key>buildConfigurations</key>
				<array>
					<string>E4B69B4E0A3A1720003C02F2</string>
					<string>E4B69B4F0A3A1720003C02F2</string>
					<string>99FA3DBB1C7456C400CFA0EE</string>
				</array>
				<key>defaultConfigurationIsVisible</key>
				<string>0</string>
				<key>defaultConfigurationName</key>
				<string>Release</string>
				<key>isa</key>
				<string>XCConfigurationList</string>
			</dict>
			<key>E4B69B4E0A3A1720003C02F2</key>
			<dict>
				<key>baseConfigurationReference</key>
				<string>E4EB6923138AFD0F00A09F29</string>
				<key>buildSettings</key>
				<dict>
					<key>OTHER_LDFLAGS</key>
					<array>
						<string>$(OF_CORE_FRAMEWORKS) $(OF_CORE_LIBS)</string>
						<string>../../../of_v0.10.0_osx_release/addons/ofxSvg/libs/libxml2/lib/osx/xml2.a</string>
						<string>../../../of_v0.10.0_osx_release/addons/ofxSvg/libs/svgtiny/lib/osx/svgtiny.a</string>
					</array>
					<key>HEADER_SEARCH_PATHS</key>
					<array>
						<string>$(OF_CORE_HEADERS)</string>
						<string>../../../of_v0.10.0_osx_release/addons/ofxGui/src</string>
						<string>../../../of_v0.10.0_osx_release/addons/ofxSvg/libs</string>
						<string>../../../of_v0.10.0_osx_release/addons/ofxSvg/libs/libxml2</string>
						<string>../../../of_v0.10.0_osx_release/addons/ofxSvg/libs/libxml2/include</string>
						<string>../../../of_v0.10.0_osx_release/addons/ofxSvg/libs/libxml2/include/libxml</string>
						<string>../../../of_v0.10.0_osx_release/addons/ofxSvg/libs/libxml2/lib</string>
						<string>../../../of_v0.10.0_osx_release/addons/ofxSvg/libs/libxml2/lib/emscripten</string>
						<string>../../../of_v0.10.0_osx_release/addons/ofxSvg/libs/libxml2/lib/osx</string>
						<string>../../../of_v0.10.0_osx_release/addons/ofxSvg/libs/libxml2/license</string>
						<string>../../../of_v0.10.0_osx_release/addons/ofxSvg/libs/svgtiny</string>
						<string>../../../of_v0.10.0_osx_release/addons/ofxSvg/libs/svgtiny/include</string>
						<string>../../../of_v0.10.0_osx_release/addons/ofxSvg/libs/svgtiny/lib</string>
						<string>../../../of_v0.10.0_osx_release/addons/ofxSvg/libs/svgtiny/lib/emscripten</string>
						<string>../../../of_v0.10.0_osx_release/addons/ofxSvg/libs/svgtiny/lib/osx</string>
						<string>../../../of_v0.10.0_osx_release/addons/ofxSvg/libs/svgtiny/license</string>
						<string>../../../of_v0.10.0_osx_release/addons/ofxSvg/src</string>
					</array>
					<key>CONFIGURATION_BUILD_DIR</key>
					<string>$(SRCROOT)/bin/</string>
					<key>COPY_PHASE_STRIP</key>
					<string>NO</string>
					<key>DEAD_CODE_STRIPPING</key>
					<string>YES</string>
					<key>GCC_AUTO_VECTORIZATION</key>
					<string>YES</string>
					<key>GCC_ENABLE_SSE3_EXTENSIONS</key>
					<string>YES</string>
					<key>GCC_ENABLE_SUPPLEMENTAL_SSE3_INSTRUCTIONS</key>
					<string>YES</string>
					<key>GCC_INLINES_ARE_PRIVATE_EXTERN</key>
					<string>NO</string>
					<key>GCC_OPTIMIZATION_LEVEL</key>
					<string>0</string>
					<key>GCC_SYMBOLS_PRIVATE_EXTERN</key>
					<string>NO</string>
					<key>GCC_WARN_ABOUT_DEPRECATED_FUNCTIONS</key>
					<string>YES</string>
					<key>GCC_WARN_ABOUT_INVALID_OFFSETOF_MACRO</key>
					<string>NO</string>
					<key>GCC_WARN_ALLOW_INCOMPLETE_PROTOCOL</key>
					<string>NO</string>
					<key>GCC_WARN_UNINITIALIZED_AUTOS</key>
					<string>NO</string>
					<key>GCC_WARN_UNUSED_VALUE</key>
					<string>NO</string>
					<key>GCC_WARN_UNUSED_VARIABLE</key>
					<string>NO</string>
					<key>MACOSX_DEPLOYMENT_TARGET</key>
					<string>10.9</string>
					<key>ONLY_ACTIVE_ARCH</key>
					<string>YES</string>
					<key>OTHER_CPLUSPLUSFLAGS</key>
					<array>
						<string>-D__MACOSX_CORE__</string>
						<string>-mtune=native</string>
					</array>
					<key>SDKROOT</key>
					<string>macosx</string>
				</dict>
				<key>isa</key>
				<string>XCBuildConfiguration</string>
				<key>name</key>
				<string>Debug</string>
			</dict>
			<key>E4B69B4F0A3A1720003C02F2</key>
			<dict>
				<key>baseConfigurationReference</key>
				<string>E4EB6923138AFD0F00A09F29</string>
				<key>buildSettings</key>
				<dict>
					<key>OTHER_LDFLAGS</key>
					<array>
						<string>$(OF_CORE_FRAMEWORKS) $(OF_CORE_LIBS)</string>
						<string>../../../of_v0.10.0_osx_release/addons/ofxSvg/libs/libxml2/lib/osx/xml2.a</string>
						<string>../../../of_v0.10.0_osx_release/addons/ofxSvg/libs/svgtiny/lib/osx/svgtiny.a</string>
					</array>
					<key>HEADER_SEARCH_PATHS</key>
					<array>
						<string>$(OF_CORE_HEADERS)</string>
						<string>../../../of_v0.10.0_osx_release/addons/ofxGui/src</string>
						<string>../../../of_v0.10.0_osx_release/addons/ofxSvg/libs</string>
						<string>../../../of_v0.10.0_osx_release/addons/ofxSvg/libs/libxml2</string>
						<string>../../../of_v0.10.0_osx_release/addons/ofxSvg/libs/libxml2/include</string>
						<string>../../../of_v0.10.0_osx_release/addons/ofxSvg/libs/libxml2/include/libxml</string>
						<string>../../../of_v0.10.0_osx_release/addons/ofxSvg/libs/libxml2/lib</string>
						<string>../../../of_v0.10.0_osx_release/addons/ofxSvg/libs/libxml2/lib/emscripten</string>
						<string>../../../of_v0.10.0_osx_release/addons/ofxSvg/libs/libxml2/lib/osx</string>
						<string>../../../of_v0.10.0_osx_release/addons/ofxSvg/libs/libxml2/license</string>
						<string>../../../of_v0.10.0_osx_release/addons/ofxSvg/libs/svgtiny</string>
						<string>../../../of_v0.10.0_osx_release/addons/ofxSvg/libs/svgtiny/include</string>
						<string>../../../of_v0.10.0_osx_release/addons/ofxSvg/libs/svgtiny/lib</string>
						<string>../../../of_v0.10.0_osx_release/addons/ofxSvg/libs/svgtiny/lib/emscripten</string>
						<string>../../../of_v0.10.0_osx_release/addons/ofxSvg/libs/svgtiny/lib/osx</string>
						<string>../../../of_v0.10.0_osx_release/addons/ofxSvg/libs/svgtiny/license</string>
						<string>../../../of_v0.10.0_osx_release/addons/ofxSvg/src</string>
					</array>
					<key>CONFIGURATION_BUILD_DIR</key>
					<string>$(SRCROOT)/bin/</string>
					<key>COPY_PHASE_STRIP</key>
					<string>YES</string>
					<key>DEAD_CODE_STRIPPING</key>
					<string>YES</string>
					<key>GCC_AUTO_VECTORIZATION</key>
					<string>YES</string>
					<key>GCC_ENABLE_SSE3_EXTENSIONS</key>
					<string>YES</string>
					<key>GCC_ENABLE_SUPPLEMENTAL_SSE3_INSTRUCTIONS</key>
					<string>YES</string>
					<key>GCC_INLINES_ARE_PRIVATE_EXTERN</key>
					<string>NO</string>
					<key>GCC_OPTIMIZATION_LEVEL</key>
					<string>3</string>
					<key>GCC_SYMBOLS_PRIVATE_EXTERN</key>
					<string>NO</string>
					<key>GCC_UNROLL_LOOPS</key>
					<string>YES</string>
					<key>GCC_WARN_ABOUT_DEPRECATED_FUNCTIONS</key>
					<string>YES</string>
					<key>GCC_WARN_ABOUT_INVALID_OFFSETOF_MACRO</key>
					<string>NO</string>
					<key>GCC_WARN_ALLOW_INCOMPLETE_PROTOCOL</key>
					<string>NO</string>
					<key>GCC_WARN_UNINITIALIZED_AUTOS</key>
					<string>NO</string>
					<key>GCC_WARN_UNUSED_VALUE</key>
					<string>NO</string>
					<key>GCC_WARN_UNUSED_VARIABLE</key>
					<string>NO</string>
					<key>MACOSX_DEPLOYMENT_TARGET</key>
					<string>10.9</string>
					<key>OTHER_CPLUSPLUSFLAGS</key>
					<array>
						<string>-D__MACOSX_CORE__</string>
						<string>-mtune=native</string>
					</array>
					<key>SDKROOT</key>
					<string>macosx</string>
				</dict>
				<key>isa</key>
				<string>XCBuildConfiguration</string>
				<key>name</key>
				<string>Release</string>
			</dict>
			<key>E4B69B580A3A1756003C02F2</key>
			<dict>
				<key>buildActionMask</key>
				<string>2147483647</string>
				<key>files</key>
				<array>
					<string>E4B69E200A3A1BDC003C02F2</string>
					<string>E4B69E210A3A1BDC003C02F2</string>
					<string>6D18B06D57BBD1C062CDB30A</string>
					<string>3B5D497BB13FE0A313B4BC6E</string>
					<string>CD79645E932E13257A1029A5</string>
					<string>A7702BC48B7C58A3C4AC7670</string>
					<string>6822F8289D179C4BF60E3519</string>
					<string>1021A1411DADC9FF9AAA8698</string>
					<string>F84DAD08C0AA616E2870A3ED</string>
					<string>22B0F534E1C4B11F705A27A7</string>
					<string>70FBD7FAE644F9110FAE7AA3</string>
					<string>DE3FFF5CC8DAB69978EAA558</string>
					<string>03E28D1C2D16C38A3A3348EB</string>
				</array>
				<key>isa</key>
				<string>PBXSourcesBuildPhase</string>
				<key>runOnlyForDeploymentPostprocessing</key>
				<string>0</string>
			</dict>
			<key>E4B69B590A3A1756003C02F2</key>
			<dict>
				<key>buildActionMask</key>
				<string>2147483647</string>
				<key>files</key>
				<array>
					<string>E4328149138ABC9F0047C5CB</string>
				</array>
				<key>isa</key>
				<string>PBXFrameworksBuildPhase</string>
				<key>runOnlyForDeploymentPostprocessing</key>
				<string>0</string>
			</dict>
			<key>E4B69B5A0A3A1756003C02F2</key>
			<dict>
				<key>buildConfigurationList</key>
				<string>E4B69B5F0A3A1757003C02F2</string>
				<key>buildPhases</key>
				<array>
					<string>E4B69B580A3A1756003C02F2</string>
					<string>E4B69B590A3A1756003C02F2</string>
					<string>E4B6FFFD0C3F9AB9008CF71C</string>
					<string>E4C2427710CC5ABF004149E2</string>
					<string>8466F1851C04CA0E00918B1C</string>
				</array>
				<key>buildRules</key>
				<array />
				<key>dependencies</key>
				<array>
					<string>E4EEB9AC138B136A00A80321</string>
				</array>
				<key>isa</key>
				<string>PBXNativeTarget</string>
				<key>name</key>
				<string>Minesweeper</string>
				<key>productName</key>
				<string>myOFApp</string>
				<key>productReference</key>
				<string>E4B69B5B0A3A1756003C02F2</string>
				<key>productType</key>
				<string>com.apple.product-type.application</string>
			</dict>
			<key>E4B69B5B0A3A1756003C02F2</key>
			<dict>
				<key>explicitFileType</key>
				<string>wrapper.application</string>
				<key>includeInIndex</key>
				<string>0</string>
				<key>isa</key>
				<string>PBXFileReference</string>
				<key>path</key>
				<string>MinesweeperDebug.app</string>
				<key>sourceTree</key>
				<string>BUILT_PRODUCTS_DIR</string>
			</dict>
			<key>E4B69B5F0A3A1757003C02F2</key>
			<dict>
				<key>buildConfigurations</key>
				<array>
					<string>E4B69B600A3A1757003C02F2</string>
					<string>E4B69B610A3A1757003C02F2</string>
					<string>99FA3DBC1C7456C400CFA0EE</string>
				</array>
				<key>defaultConfigurationIsVisible</key>
				<string>0</string>
				<key>defaultConfigurationName</key>
				<string>Release</string>
				<key>isa</key>
				<string>XCConfigurationList</string>
			</dict>
			<key>E4B69B600A3A1757003C02F2</key>
			<dict>
				<key>baseConfigurationReference</key>
				<string>E4EB6923138AFD0F00A09F29</string>
				<key>buildSettings</key>
				<dict>
					<key>OTHER_LDFLAGS</key>
					<array>
						<string>$(OF_CORE_FRAMEWORKS) $(OF_CORE_LIBS)</string>
						<string>../../../of_v0.10.0_osx_release/addons/ofxSvg/libs/libxml2/lib/osx/xml2.a</string>
						<string>../../../of_v0.10.0_osx_release/addons/ofxSvg/libs/svgtiny/lib/osx/svgtiny.a</string>
					</array>
					<key>HEADER_SEARCH_PATHS</key>
					<array>
						<string>$(OF_CORE_HEADERS)</string>
						<string>../../../of_v0.10.0_osx_release/addons/ofxGui/src</string>
						<string>../../../of_v0.10.0_osx_release/addons/ofxSvg/libs</string>
						<string>../../../of_v0.10.0_osx_release/addons/ofxSvg/libs/libxml2</string>
						<string>../../../of_v0.10.0_osx_release/addons/ofxSvg/libs/libxml2/include</string>
						<string>../../../of_v0.10.0_osx_release/addons/ofxSvg/libs/libxml2/include/libxml</string>
						<string>../../../of_v0.10.0_osx_release/addons/ofxSvg/libs/libxml2/lib</string>
						<string>../../../of_v0.10.0_osx_release/addons/ofxSvg/libs/libxml2/lib/emscripten</string>
						<string>../../../of_v0.10.0_osx_release/addons/ofxSvg/libs/libxml2/lib/osx</string>
						<string>../../../of_v0.10.0_osx_release/addons/ofxSvg/libs/libxml2/license</string>
						<string>../../../of_v0.10.0_osx_release/addons/ofxSvg/libs/svgtiny</string>
						<string>../../../of_v0.10.0_osx_release/addons/ofxSvg/libs/svgtiny/include</string>
						<string>../../../of_v0.10.0_osx_release/addons/ofxSvg/libs/svgtiny/lib</string>
						<string>../../../of_v0.10.0_osx_release/addons/ofxSvg/libs/svgtiny/lib/emscripten</string>
						<string>../../../of_v0.10.0_osx_release/addons/ofxSvg/libs/svgtiny/lib/osx</string>
						<string>../../../of_v0.10.0_osx_release/addons/ofxSvg/libs/svgtiny/license</string>
						<string>../../../of_v0.10.0_osx_release/addons/ofxSvg/src</string>
					</array>
					<key>COMBINE_HIDPI_IMAGES</key>
					<string>YES</string>
					<key>COPY_PHASE_STRIP</key>
					<string>NO</string>
					<key>FRAMEWORK_SEARCH_PATHS</key>
					<array>
						<string>$(inherited)</string>
					</array>
					<key>GCC_DYNAMIC_NO_PIC</key>
					<string>NO</string>
					<key>GCC_GENERATE_DEBUGGING_SYMBOLS</key>
					<string>YES</string>
					<key>GCC_MODEL_TUNING</key>
					<string>NONE</string>
					<key>ICON</key>
					<string>$(ICON_NAME_DEBUG)</string>
					<key>ICON_FILE</key>
					<string>$(ICON_FILE_PATH)$(ICON)</string>
					<key>INFOPLIST_FILE</key>
					<string>openFrameworks-Info.plist</string>
					<key>INSTALL_PATH</key>
					<string>/Applications</string>
					<key>LIBRARY_SEARCH_PATHS</key>
					<string>$(inherited)</string>
					<key>PRODUCT_NAME</key>
					<string>$(TARGET_NAME)Debug</string>
					<key>WRAPPER_EXTENSION</key>
					<string>app</string>
				</dict>
				<key>isa</key>
				<string>XCBuildConfiguration</string>
				<key>name</key>
				<string>Debug</string>
			</dict>
			<key>E4B69B610A3A1757003C02F2</key>
			<dict>
				<key>baseConfigurationReference</key>
				<string>E4EB6923138AFD0F00A09F29</string>
				<key>buildSettings</key>
				<dict>
					<key>OTHER_LDFLAGS</key>
					<array>
						<string>$(OF_CORE_FRAMEWORKS) $(OF_CORE_LIBS)</string>
						<string>../../../of_v0.10.0_osx_release/addons/ofxSvg/libs/libxml2/lib/osx/xml2.a</string>
						<string>../../../of_v0.10.0_osx_release/addons/ofxSvg/libs/svgtiny/lib/osx/svgtiny.a</string>
					</array>
					<key>HEADER_SEARCH_PATHS</key>
					<array>
						<string>$(OF_CORE_HEADERS)</string>
						<string>../../../of_v0.10.0_osx_release/addons/ofxGui/src</string>
						<string>../../../of_v0.10.0_osx_release/addons/ofxSvg/libs</string>
						<string>../../../of_v0.10.0_osx_release/addons/ofxSvg/libs/libxml2</string>
						<string>../../../of_v0.10.0_osx_release/addons/ofxSvg/libs/libxml2/include</string>
						<string>../../../of_v0.10.0_osx_release/addons/ofxSvg/libs/libxml2/include/libxml</string>
						<string>../../../of_v0.10.0_osx_release/addons/ofxSvg/libs/libxml2/lib</string>
						<string>../../../of_v0.10.0_osx_release/addons/ofxSvg/libs/libxml2/lib/emscripten</string>
						<string>../../../of_v0.10.0_osx_release/addons/ofxSvg/libs/libxml2/lib/osx</string>
						<string>../../../of_v0.10.0_osx_release/addons/ofxSvg/libs/libxml2/license</string>
						<string>../../../of_v0.10.0_osx_release/addons/ofxSvg/libs/svgtiny</string>
						<string>../../../of_v0.10.0_osx_release/addons/ofxSvg/libs/svgtiny/include</string>
						<string>../../../of_v0.10.0_osx_release/addons/ofxSvg/libs/svgtiny/lib</string>
						<string>../../../of_v0.10.0_osx_release/addons/ofxSvg/libs/svgtiny/lib/emscripten</string>
						<string>../../../of_v0.10.0_osx_release/addons/ofxSvg/libs/svgtiny/lib/osx</string>
						<string>../../../of_v0.10.0_osx_release/addons/ofxSvg/libs/svgtiny/license</string>
						<string>../../../of_v0.10.0_osx_release/addons/ofxSvg/src</string>
					</array>
					<key>COMBINE_HIDPI_IMAGES</key>
					<string>YES</string>
					<key>COPY_PHASE_STRIP</key>
					<string>YES</string>
					<key>FRAMEWORK_SEARCH_PATHS</key>
					<array>
						<string>$(inherited)</string>
					</array>
					<key>GCC_GENERATE_DEBUGGING_SYMBOLS</key>
					<string>YES</string>
					<key>GCC_MODEL_TUNING</key>
					<string>NONE</string>
					<key>ICON</key>
					<string>$(ICON_NAME_RELEASE)</string>
					<key>ICON_FILE</key>
					<string>$(ICON_FILE_PATH)$(ICON)</string>
					<key>INFOPLIST_FILE</key>
					<string>openFrameworks-Info.plist</string>
					<key>INSTALL_PATH</key>
					<string>/Applications</string>
					<key>LIBRARY_SEARCH_PATHS</key>
					<string>$(inherited)</string>
					<key>PRODUCT_NAME</key>
					<string>$(TARGET_NAME)</string>
					<key>WRAPPER_EXTENSION</key>
					<string>app</string>
					<key>baseConfigurationReference</key>
					<string>E4EB6923138AFD0F00A09F29</string>
				</dict>
				<key>isa</key>
				<string>XCBuildConfiguration</string>
				<key>name</key>
				<string>Release</string>
			</dict>
			<key>E4B69E1C0A3A1BDC003C02F2</key>
			<dict>
				<key>children</key>
				<array>
					<string>E4B69E1D0A3A1BDC003C02F2</string>
					<string>E4B69E1E0A3A1BDC003C02F2</string>
					<string>E4B69E1F0A3A1BDC003C02F2</string>
				</array>
				<key>isa</key>
				<string>PBXGroup</string>
				<key>path</key>
				<string>src</string>
				<key>sourceTree</key>
				<string>SOURCE_ROOT</string>
			</dict>
			<key>E4B69E1D0A3A1BDC003C02F2</key>
			<dict>
				<key>fileEncoding</key>
				<string>4</string>
				<key>isa</key>
				<string>PBXFileReference</string>
				<key>lastKnownFileType</key>
				<string>sourcecode.cpp.cpp</string>
				<key>name</key>
				<string>main.cpp</string>
				<key>path</key>
				<string>src/main.cpp</string>
				<key>sourceTree</key>
				<string>SOURCE_ROOT</string>
			</dict>
			<key>E4B69E1E0A3A1BDC003C02F2</key>
			<dict>
				<key>explicitFileType</key>
				<string>sourcecode.cpp.cpp</string>
				<key>fileEncoding</key>
				<string>4</string>
				<key>isa</key>
				<string>PBXFileReference</string>
				<key>name</key>
				<string>ofApp.cpp</string>
				<key>path</key>
				<string>src/ofApp.cpp</string>
				<key>sourceTree</key>
				<string>SOURCE_ROOT</string>
			</dict>
			<key>E4B69E1F0A3A1BDC003C02F2</key>
			<dict>
				<key>fileEncoding</key>
				<string>4</string>
				<key>isa</key>
				<string>PBXFileReference</string>
				<key>lastKnownFileType</key>
				<string>sourcecode.c.h</string>
				<key>name</key>
				<string>ofApp.h</string>
				<key>path</key>
				<string>src/ofApp.h</string>
				<key>sourceTree</key>
				<string>SOURCE_ROOT</string>
			</dict>
			<key>E4B69E200A3A1BDC003C02F2</key>
			<dict>
				<key>fileRef</key>
				<string>E4B69E1D0A3A1BDC003C02F2</string>
				<key>isa</key>
				<string>PBXBuildFile</string>
			</dict>
			<key>E4B69E210A3A1BDC003C02F2</key>
			<dict>
				<key>fileRef</key>
				<string>E4B69E1E0A3A1BDC003C02F2</string>
				<key>isa</key>
				<string>PBXBuildFile</string>
			</dict>
			<key>E4B6FCAD0C3E899E008CF71C</key>
			<dict>
				<key>fileEncoding</key>
				<string>4</string>
				<key>isa</key>
				<string>PBXFileReference</string>
				<key>lastKnownFileType</key>
				<string>text.plist.xml</string>
				<key>path</key>
				<string>openFrameworks-Info.plist</string>
				<key>sourceTree</key>
				<string>&lt;group&gt;</string>
			</dict>
			<key>E4B6FFFD0C3F9AB9008CF71C</key>
			<dict>
				<key>buildActionMask</key>
				<string>2147483647</string>
				<key>files</key>
				<array />
				<key>inputPaths</key>
				<array />
				<key>isa</key>
				<string>PBXShellScriptBuildPhase</string>
				<key>outputPaths</key>
				<array />
				<key>runOnlyForDeploymentPostprocessing</key>
				<string>0</string>
				<key>shellPath</key>
				<string>/bin/sh</string>
				<key>shellScript</key>
				<string>mkdir -p "$TARGET_BUILD_DIR/$PRODUCT_NAME.app/Contents/Resources/"
# Copy default icon file into App/Resources
rsync -aved "$ICON_FILE" "$TARGET_BUILD_DIR/$PRODUCT_NAME.app/Contents/Resources/"
# Copy libfmod and change install directory for fmod to run
rsync -aved "$OF_PATH/libs/fmodex/lib/osx/libfmodex.dylib" "$TARGET_BUILD_DIR/$PRODUCT_NAME.app/Contents/Frameworks/";
install_name_tool -change @executable_path/libfmodex.dylib @executable_path/../Frameworks/libfmodex.dylib "$TARGET_BUILD_DIR/$PRODUCT_NAME.app/Contents/MacOS/$PRODUCT_NAME";

echo "$GCC_PREPROCESSOR_DEFINITIONS";
</string>
			</dict>
			<key>E4C2427710CC5ABF004149E2</key>
			<dict>
				<key>buildActionMask</key>
				<string>2147483647</string>
				<key>dstPath</key>
				<string />
				<key>dstSubfolderSpec</key>
				<string>10</string>
				<key>files</key>
				<array />
				<key>isa</key>
				<string>PBXCopyFilesBuildPhase</string>
				<key>runOnlyForDeploymentPostprocessing</key>
				<string>0</string>
			</dict>
			<key>E4EB691F138AFCF100A09F29</key>
			<dict>
				<key>fileEncoding</key>
				<string>4</string>
				<key>isa</key>
				<string>PBXFileReference</string>
				<key>lastKnownFileType</key>
				<string>text.xcconfig</string>
				<key>name</key>
				<string>CoreOF.xcconfig</string>
				<key>path</key>
				<string>../../../of_v0.10.0_osx_release/libs/openFrameworksCompiled/project/osx/CoreOF.xcconfig</string>
				<key>sourceTree</key>
				<string>SOURCE_ROOT</string>
			</dict>
			<key>E4EB6923138AFD0F00A09F29</key>
			<dict>
				<key>fileEncoding</key>
				<string>4</string>
				<key>isa</key>
				<string>PBXFileReference</string>
				<key>lastKnownFileType</key>
				<string>text.xcconfig</string>
				<key>path</key>
				<string>Project.xcconfig</string>
				<key>sourceTree</key>
				<string>&lt;group&gt;</string>
			</dict>
			<key>E4EEB9AB138B136A00A80321</key>
			<dict>
				<key>containerPortal</key>
				<string>E4328143138ABC890047C5CB</string>
				<key>isa</key>
				<string>PBXContainerItemProxy</string>
				<key>proxyType</key>
				<string>1</string>
				<key>remoteGlobalIDString</key>
				<string>E4B27C1410CBEB8E00536013</string>
				<key>remoteInfo</key>
				<string>openFrameworks</string>
			</dict>
			<key>E4EEB9AC138B136A00A80321</key>
			<dict>
				<key>isa</key>
				<string>PBXTargetDependency</string>
				<key>name</key>
				<string>openFrameworks</string>
				<key>targetProxy</key>
				<string>E4EEB9AB138B136A00A80321</string>
			</dict>
			<key>E4EEC9E9138DF44700A80321</key>
			<dict>
				<key>children</key>
				<array>
					<string>E4EB691F138AFCF100A09F29</string>
					<string>E4328143138ABC890047C5CB</string>
				</array>
				<key>isa</key>
				<string>PBXGroup</string>
				<key>name</key>
				<string>openFrameworks</string>
				<key>sourceTree</key>
				<string>&lt;group&gt;</string>
			</dict>
		</dict>
		<key>rootObject</key>
		<string>E4B69B4C0A3A1720003C02F2</string>
	</dict>
</plist>
